
Microsoft Visual Studio Solution File, Format Version 12.00
# Visual Studio Version 16
VisualStudioVersion = 16.0.28803.156
MinimumVisualStudioVersion = 10.0.40219.1
Project("{FAE04EC0-301F-11D3-BF4B-00C04F79EFBC}") = "Reader.UI", "Reader.UI\Reader.UI.csproj", "{31AD6D55-930C-46EC-95A9-ADB90A44C77E}"
EndProject
Project("{FAE04EC0-301F-11D3-BF4B-00C04F79EFBC}") = "Reader.Source", "Reader.Source\Reader.Source.csproj", "{1EE955D6-E7BB-48D9-9822-51CE3BA8A34A}"
EndProject
Project("{2150E333-8FDC-42A3-9474-1A3956D46DE8}") = "Solution Items", "Solution Items", "{C57D09DF-AA90-4AFD-A495-DB29EF1489D3}"
	ProjectSection(SolutionItems) = preProject
		ReadMe.md = ReadMe.md
		书源API.xlsx = 书源API.xlsx
		结构图.png = 结构图.png
		追书神器API.svg = 追书神器API.svg
	EndProjectSection
EndProject
Project("{FAE04EC0-301F-11D3-BF4B-00C04F79EFBC}") = "Reader.Source.Stoneread", "Reader.Source.Stoneread\Reader.Source.Stoneread.csproj", "{4BA8B69F-7067-456A-9174-D0778EE128B0}"
EndProject
Project("{FAE04EC0-301F-11D3-BF4B-00C04F79EFBC}") = "Reader.Repository", "Reader.Repository\Reader.Repository.csproj", "{58A1DC63-E4FC-44B0-BA7B-23A774D45825}"
EndProject
Project("{FAE04EC0-301F-11D3-BF4B-00C04F79EFBC}") = "Reader.Model", "Reader.Model\Reader.Model.csproj", "{4133F7C8-3071-4370-8E10-64CD5982E777}"
EndProject
Project("{FAE04EC0-301F-11D3-BF4B-00C04F79EFBC}") = "Reader.Source.Zhuishushenqi", "Reader.Source.Zhuishushenqi\Reader.Source.Zhuishushenqi.csproj", "{CC91EEF1-10D4-46DA-A5E7-67FCD32757EB}"
EndProject
Project("{FAE04EC0-301F-11D3-BF4B-00C04F79EFBC}") = "Reader.Source.ApiClient", "Reader.Source.ApiClient\Reader.Source.ApiClient.csproj", "{B39D3440-2142-45A4-9696-3BFB16279182}"
EndProject
Project("{FAE04EC0-301F-11D3-BF4B-00C04F79EFBC}") = "Reader.Source.Zhuishushenqi.Test", "Reader.Source.Zhuishushenqi.Test\Reader.Source.Zhuishushenqi.Test.csproj", "{8EDF4429-251A-416D-BB68-93F227191BCF}"
EndProject
Global
	GlobalSection(SolutionConfigurationPlatforms) = preSolution
		Debug|Any CPU = Debug|Any CPU
		Release|Any CPU = Release|Any CPU
	EndGlobalSection
	GlobalSection(ProjectConfigurationPlatforms) = postSolution
		{31AD6D55-930C-46EC-95A9-ADB90A44C77E}.Debug|Any CPU.ActiveCfg = Debug|Any CPU
		{31AD6D55-930C-46EC-95A9-ADB90A44C77E}.Debug|Any CPU.Build.0 = Debug|Any CPU
		{31AD6D55-930C-46EC-95A9-ADB90A44C77E}.Release|Any CPU.ActiveCfg = Release|Any CPU
		{31AD6D55-930C-46EC-95A9-ADB90A44C77E}.Release|Any CPU.Build.0 = Release|Any CPU
		{1EE955D6-E7BB-48D9-9822-51CE3BA8A34A}.Debug|Any CPU.ActiveCfg = Debug|Any CPU
		{1EE955D6-E7BB-48D9-9822-51CE3BA8A34A}.Debug|Any CPU.Build.0 = Debug|Any CPU
		{1EE955D6-E7BB-48D9-9822-51CE3BA8A34A}.Release|Any CPU.ActiveCfg = Release|Any CPU
		{1EE955D6-E7BB-48D9-9822-51CE3BA8A34A}.Release|Any CPU.Build.0 = Release|Any CPU
		{4BA8B69F-7067-456A-9174-D0778EE128B0}.Debug|Any CPU.ActiveCfg = Debug|Any CPU
		{4BA8B69F-7067-456A-9174-D0778EE128B0}.Debug|Any CPU.Build.0 = Debug|Any CPU
		{4BA8B69F-7067-456A-9174-D0778EE128B0}.Release|Any CPU.ActiveCfg = Release|Any CPU
		{4BA8B69F-7067-456A-9174-D0778EE128B0}.Release|Any CPU.Build.0 = Release|Any CPU
		{58A1DC63-E4FC-44B0-BA7B-23A774D45825}.Debug|Any CPU.ActiveCfg = Debug|Any CPU
		{58A1DC63-E4FC-44B0-BA7B-23A774D45825}.Debug|Any CPU.Build.0 = Debug|Any CPU
		{58A1DC63-E4FC-44B0-BA7B-23A774D45825}.Release|Any CPU.ActiveCfg = Release|Any CPU
		{58A1DC63-E4FC-44B0-BA7B-23A774D45825}.Release|Any CPU.Build.0 = Release|Any CPU
		{4133F7C8-3071-4370-8E10-64CD5982E777}.Debug|Any CPU.ActiveCfg = Debug|Any CPU
		{4133F7C8-3071-4370-8E10-64CD5982E777}.Debug|Any CPU.Build.0 = Debug|Any CPU
		{4133F7C8-3071-4370-8E10-64CD5982E777}.Release|Any CPU.ActiveCfg = Release|Any CPU
		{4133F7C8-3071-4370-8E10-64CD5982E777}.Release|Any CPU.Build.0 = Release|Any CPU
		{CC91EEF1-10D4-46DA-A5E7-67FCD32757EB}.Debug|Any CPU.ActiveCfg = Debug|Any CPU
		{CC91EEF1-10D4-46DA-A5E7-67FCD32757EB}.Debug|Any CPU.Build.0 = Debug|Any CPU
		{CC91EEF1-10D4-46DA-A5E7-67FCD32757EB}.Release|Any CPU.ActiveCfg = Release|Any CPU
		{CC91EEF1-10D4-46DA-A5E7-67FCD32757EB}.Release|Any CPU.Build.0 = Release|Any CPU
		{B39D3440-2142-45A4-9696-3BFB16279182}.Debug|Any CPU.ActiveCfg = Debug|Any CPU
		{B39D3440-2142-45A4-9696-3BFB16279182}.Debug|Any CPU.Build.0 = Debug|Any CPU
		{B39D3440-2142-45A4-9696-3BFB16279182}.Release|Any CPU.ActiveCfg = Release|Any CPU
		{B39D3440-2142-45A4-9696-3BFB16279182}.Release|Any CPU.Build.0 = Release|Any CPU
		{8EDF4429-251A-416D-BB68-93F227191BCF}.Debug|Any CPU.ActiveCfg = Debug|Any CPU
		{8EDF4429-251A-416D-BB68-93F227191BCF}.Debug|Any CPU.Build.0 = Debug|Any CPU
		{8EDF4429-251A-416D-BB68-93F227191BCF}.Release|Any CPU.ActiveCfg = Release|Any CPU
		{8EDF4429-251A-416D-BB68-93F227191BCF}.Release|Any CPU.Build.0 = Release|Any CPU
	EndGlobalSection
	GlobalSection(SolutionProperties) = preSolution
		HideSolutionNode = FALSE
	EndGlobalSection
	GlobalSection(ExtensibilityGlobals) = postSolution
		SolutionGuid = {4878BCEB-3F68-451E-B3EF-C096B634C612}
	EndGlobalSection
EndGlobal
